# This file is automatically @generated by Cargo.
# It is not intended for manual editing.
version = 3

[[package]]
name = "bullet-hell-game-server"
version = "0.1.0"
dependencies = [
 "fps_clock",
]

[[package]]
name = "fps_clock"
version = "2.0.0"
source = "registry+https://github.com/rust-lang/crates.io-index"
checksum = "d62f07644333c61ff6ab8738366228ea076d6d7e0a6d974385153912a25f22f0"
